// !$*UTF8*$!
{
	archiveVersion = 1;
	classes = {
	};
	objectVersion = 56;
	objects = {

/* Begin PBXBuildFile section */
		2C43CA7C29C24E2B0019FCFB /* TwitterRowView.swift in Sources */ = {isa = PBXBuildFile; fileRef = 2C43CA7B29C24E2B0019FCFB /* TwitterRowView.swift */; };
		2C43CA7E29C24EBC0019FCFB /* FeedView.swift in Sources */ = {isa = PBXBuildFile; fileRef = 2C43CA7D29C24EBC0019FCFB /* FeedView.swift */; };
		2C43CA8129C2E09C0019FCFB /* MainTabView.swift in Sources */ = {isa = PBXBuildFile; fileRef = 2C43CA8029C2E09C0019FCFB /* MainTabView.swift */; };
		2C43CA8729C2E6F50019FCFB /* ProfileView.swift in Sources */ = {isa = PBXBuildFile; fileRef = 2C43CA8629C2E6F50019FCFB /* ProfileView.swift */; };
		2C43CA8929C2E7000019FCFB /* ExploreView.swift in Sources */ = {isa = PBXBuildFile; fileRef = 2C43CA8829C2E7000019FCFB /* ExploreView.swift */; };
		2C43CA8E29C2E71E0019FCFB /* MessagesView.swift in Sources */ = {isa = PBXBuildFile; fileRef = 2C43CA8D29C2E71E0019FCFB /* MessagesView.swift */; };
		2C43CA9029C2E7BF0019FCFB /* NotificationsView.swift in Sources */ = {isa = PBXBuildFile; fileRef = 2C43CA8F29C2E7BF0019FCFB /* NotificationsView.swift */; };
		2CEB28FA29C1F6BF002022E8 /* TwitterCloneApp.swift in Sources */ = {isa = PBXBuildFile; fileRef = 2CEB28F929C1F6BF002022E8 /* TwitterCloneApp.swift */; };
		2CEB28FE29C1F6C1002022E8 /* Assets.xcassets in Resources */ = {isa = PBXBuildFile; fileRef = 2CEB28FD29C1F6C1002022E8 /* Assets.xcassets */; };
		2CEB290129C1F6C1002022E8 /* Preview Assets.xcassets in Resources */ = {isa = PBXBuildFile; fileRef = 2CEB290029C1F6C1002022E8 /* Preview Assets.xcassets */; };
		2CEC281E29CD87EE00F2ECF8 /* TweetFilterViewModel.swift in Sources */ = {isa = PBXBuildFile; fileRef = 2CEC281D29CD87EE00F2ECF8 /* TweetFilterViewModel.swift */; };
		2CEC282329CE0B4E00F2ECF8 /* UserRowView.swift in Sources */ = {isa = PBXBuildFile; fileRef = 2CEC282229CE0B4E00F2ECF8 /* UserRowView.swift */; };
		2CEC282829CE387A00F2ECF8 /* SideMenuView.swift in Sources */ = {isa = PBXBuildFile; fileRef = 2CEC282729CE387A00F2ECF8 /* SideMenuView.swift */; };
		2CEC282A29CE388C00F2ECF8 /* SideMenuRowView.swift in Sources */ = {isa = PBXBuildFile; fileRef = 2CEC282929CE388C00F2ECF8 /* SideMenuRowView.swift */; };
		2CEC282E29CE38C900F2ECF8 /* SideMenuViewModel.swift in Sources */ = {isa = PBXBuildFile; fileRef = 2CEC282D29CE38C900F2ECF8 /* SideMenuViewModel.swift */; };
		2CEC283029CE3A5900F2ECF8 /* UserStatsView.swift in Sources */ = {isa = PBXBuildFile; fileRef = 2CEC282F29CE3A5900F2ECF8 /* UserStatsView.swift */; };
/* End PBXBuildFile section */

/* Begin PBXFileReference section */
		2C43CA7B29C24E2B0019FCFB /* TwitterRowView.swift */ = {isa = PBXFileReference; lastKnownFileType = sourcecode.swift; path = TwitterRowView.swift; sourceTree = "<group>"; };
		2C43CA7D29C24EBC0019FCFB /* FeedView.swift */ = {isa = PBXFileReference; lastKnownFileType = sourcecode.swift; path = FeedView.swift; sourceTree = "<group>"; };
		2C43CA8029C2E09C0019FCFB /* MainTabView.swift */ = {isa = PBXFileReference; lastKnownFileType = sourcecode.swift; path = MainTabView.swift; sourceTree = "<group>"; };
		2C43CA8629C2E6F50019FCFB /* ProfileView.swift */ = {isa = PBXFileReference; lastKnownFileType = sourcecode.swift; path = ProfileView.swift; sourceTree = "<group>"; };
		2C43CA8829C2E7000019FCFB /* ExploreView.swift */ = {isa = PBXFileReference; lastKnownFileType = sourcecode.swift; path = ExploreView.swift; sourceTree = "<group>"; };
		2C43CA8D29C2E71E0019FCFB /* MessagesView.swift */ = {isa = PBXFileReference; lastKnownFileType = sourcecode.swift; path = MessagesView.swift; sourceTree = "<group>"; };
		2C43CA8F29C2E7BF0019FCFB /* NotificationsView.swift */ = {isa = PBXFileReference; lastKnownFileType = sourcecode.swift; path = NotificationsView.swift; sourceTree = "<group>"; };
		2CEB28F629C1F6BF002022E8 /* TwitterClone.app */ = {isa = PBXFileReference; explicitFileType = wrapper.application; includeInIndex = 0; path = TwitterClone.app; sourceTree = BUILT_PRODUCTS_DIR; };
		2CEB28F929C1F6BF002022E8 /* TwitterCloneApp.swift */ = {isa = PBXFileReference; lastKnownFileType = sourcecode.swift; path = TwitterCloneApp.swift; sourceTree = "<group>"; };
		2CEB28FD29C1F6C1002022E8 /* Assets.xcassets */ = {isa = PBXFileReference; lastKnownFileType = folder.assetcatalog; path = Assets.xcassets; sourceTree = "<group>"; };
		2CEB290029C1F6C1002022E8 /* Preview Assets.xcassets */ = {isa = PBXFileReference; lastKnownFileType = folder.assetcatalog; path = "Preview Assets.xcassets"; sourceTree = "<group>"; };
		2CEC281D29CD87EE00F2ECF8 /* TweetFilterViewModel.swift */ = {isa = PBXFileReference; lastKnownFileType = sourcecode.swift; path = TweetFilterViewModel.swift; sourceTree = "<group>"; };
		2CEC282229CE0B4E00F2ECF8 /* UserRowView.swift */ = {isa = PBXFileReference; lastKnownFileType = sourcecode.swift; path = UserRowView.swift; sourceTree = "<group>"; };
		2CEC282729CE387A00F2ECF8 /* SideMenuView.swift */ = {isa = PBXFileReference; lastKnownFileType = sourcecode.swift; path = SideMenuView.swift; sourceTree = "<group>"; };
		2CEC282929CE388C00F2ECF8 /* SideMenuRowView.swift */ = {isa = PBXFileReference; lastKnownFileType = sourcecode.swift; path = SideMenuRowView.swift; sourceTree = "<group>"; };
		2CEC282D29CE38C900F2ECF8 /* SideMenuViewModel.swift */ = {isa = PBXFileReference; lastKnownFileType = sourcecode.swift; path = SideMenuViewModel.swift; sourceTree = "<group>"; };
		2CEC282F29CE3A5900F2ECF8 /* UserStatsView.swift */ = {isa = PBXFileReference; lastKnownFileType = sourcecode.swift; path = UserStatsView.swift; sourceTree = "<group>"; };
/* End PBXFileReference section */

/* Begin PBXFrameworksBuildPhase section */
		2CEB28F329C1F6BF002022E8 /* Frameworks */ = {
			isa = PBXFrameworksBuildPhase;
			buildActionMask = 2147483647;
			files = (
			);
			runOnlyForDeploymentPostprocessing = 0;
		};
/* End PBXFrameworksBuildPhase section */

/* Begin PBXGroup section */
		2C43CA6E29C24D2C0019FCFB /* Core */ = {
			isa = PBXGroup;
			children = (
				2CEC282429CE384A00F2ECF8 /* SideMenu */,
				2C43CA7329C24D770019FCFB /* Components */,
				2C43CA8229C2E66C0019FCFB /* Profile */,
				2C43CA8329C2E6790019FCFB /* Explore */,
				2C43CA8529C2E68B0019FCFB /* Notifications */,
				2C43CA8429C2E6830019FCFB /* Messages */,
				2C43CA7F29C2E07E0019FCFB /* MainTab */,
				2C43CA7429C24D830019FCFB /* Feed */,
			);
			path = Core;
			sourceTree = "<group>";
		};
		2C43CA6F29C24D3B0019FCFB /* Service */ = {
			isa = PBXGroup;
			children = (
			);
			path = Service;
			sourceTree = "<group>";
		};
		2C43CA7029C24D4B0019FCFB /* Model */ = {
			isa = PBXGroup;
			children = (
			);
			path = Model;
			sourceTree = "<group>";
		};
		2C43CA7129C24D500019FCFB /* Extensions */ = {
			isa = PBXGroup;
			children = (
			);
			path = Extensions;
			sourceTree = "<group>";
		};
		2C43CA7329C24D770019FCFB /* Components */ = {
			isa = PBXGroup;
			children = (
				2CEC282129CE0B3800F2ECF8 /* Users */,
				2C43CA7529C24DA40019FCFB /* Tweets */,
			);
			path = Components;
			sourceTree = "<group>";
		};
		2C43CA7429C24D830019FCFB /* Feed */ = {
			isa = PBXGroup;
			children = (
				2C43CA7829C24DD60019FCFB /* ViewModels */,
				2C43CA7729C24DCE0019FCFB /* View */,
			);
			path = Feed;
			sourceTree = "<group>";
		};
		2C43CA7529C24DA40019FCFB /* Tweets */ = {
			isa = PBXGroup;
			children = (
				2C43CA7B29C24E2B0019FCFB /* TwitterRowView.swift */,
			);
			path = Tweets;
			sourceTree = "<group>";
		};
		2C43CA7729C24DCE0019FCFB /* View */ = {
			isa = PBXGroup;
			children = (
				2C43CA7D29C24EBC0019FCFB /* FeedView.swift */,
			);
			path = View;
			sourceTree = "<group>";
		};
		2C43CA7829C24DD60019FCFB /* ViewModels */ = {
			isa = PBXGroup;
			children = (
			);
			path = ViewModels;
			sourceTree = "<group>";
		};
		2C43CA7F29C2E07E0019FCFB /* MainTab */ = {
			isa = PBXGroup;
			children = (
				2C43CA8029C2E09C0019FCFB /* MainTabView.swift */,
			);
			path = MainTab;
			sourceTree = "<group>";
		};
		2C43CA8229C2E66C0019FCFB /* Profile */ = {
			isa = PBXGroup;
			children = (
				2C43CA9229C2E9B70019FCFB /* ViewModels */,
				2C43CA9129C2E9A20019FCFB /* Views */,
			);
			path = Profile;
			sourceTree = "<group>";
		};
		2C43CA8329C2E6790019FCFB /* Explore */ = {
			isa = PBXGroup;
			children = (
				2CEC282029CE0B0500F2ECF8 /* ViewModels */,
				2CEC281F29CE0B0000F2ECF8 /* Views */,
			);
			path = Explore;
			sourceTree = "<group>";
		};
		2C43CA8429C2E6830019FCFB /* Messages */ = {
			isa = PBXGroup;
			children = (
				2C43CA8D29C2E71E0019FCFB /* MessagesView.swift */,
			);
			path = Messages;
			sourceTree = "<group>";
		};
		2C43CA8529C2E68B0019FCFB /* Notifications */ = {
			isa = PBXGroup;
			children = (
				2C43CA8F29C2E7BF0019FCFB /* NotificationsView.swift */,
			);
			path = Notifications;
			sourceTree = "<group>";
		};
		2C43CA9129C2E9A20019FCFB /* Views */ = {
			isa = PBXGroup;
			children = (
				2C43CA8629C2E6F50019FCFB /* ProfileView.swift */,
			);
			path = Views;
			sourceTree = "<group>";
		};
		2C43CA9229C2E9B70019FCFB /* ViewModels */ = {
			isa = PBXGroup;
			children = (
				2CEC281D29CD87EE00F2ECF8 /* TweetFilterViewModel.swift */,
			);
			path = ViewModels;
			sourceTree = "<group>";
		};
		2CEB28ED29C1F6BF002022E8 = {
			isa = PBXGroup;
			children = (
				2CEB28F829C1F6BF002022E8 /* TwitterClone */,
				2CEB28F729C1F6BF002022E8 /* Products */,
			);
			sourceTree = "<group>";
		};
		2CEB28F729C1F6BF002022E8 /* Products */ = {
			isa = PBXGroup;
			children = (
				2CEB28F629C1F6BF002022E8 /* TwitterClone.app */,
			);
			name = Products;
			sourceTree = "<group>";
		};
		2CEB28F829C1F6BF002022E8 /* TwitterClone */ = {
			isa = PBXGroup;
			children = (
				2C43CA7129C24D500019FCFB /* Extensions */,
				2C43CA7029C24D4B0019FCFB /* Model */,
				2C43CA6F29C24D3B0019FCFB /* Service */,
				2C43CA6E29C24D2C0019FCFB /* Core */,
				2CEB28F929C1F6BF002022E8 /* TwitterCloneApp.swift */,
				2CEB28FD29C1F6C1002022E8 /* Assets.xcassets */,
				2CEB28FF29C1F6C1002022E8 /* Preview Content */,
			);
			path = TwitterClone;
			sourceTree = "<group>";
		};
		2CEB28FF29C1F6C1002022E8 /* Preview Content */ = {
			isa = PBXGroup;
			children = (
				2CEB290029C1F6C1002022E8 /* Preview Assets.xcassets */,
			);
			path = "Preview Content";
			sourceTree = "<group>";
		};
		2CEC281F29CE0B0000F2ECF8 /* Views */ = {
			isa = PBXGroup;
			children = (
				2C43CA8829C2E7000019FCFB /* ExploreView.swift */,
			);
			path = Views;
			sourceTree = "<group>";
		};
		2CEC282029CE0B0500F2ECF8 /* ViewModels */ = {
			isa = PBXGroup;
			children = (
			);
			path = ViewModels;
			sourceTree = "<group>";
		};
		2CEC282129CE0B3800F2ECF8 /* Users */ = {
			isa = PBXGroup;
			children = (
				2CEC282229CE0B4E00F2ECF8 /* UserRowView.swift */,
				2CEC282F29CE3A5900F2ECF8 /* UserStatsView.swift */,
			);
			path = Users;
			sourceTree = "<group>";
		};
		2CEC282429CE384A00F2ECF8 /* SideMenu */ = {
			isa = PBXGroup;
			children = (
				2CEC282629CE386000F2ECF8 /* ViewModels */,
				2CEC282529CE384F00F2ECF8 /* Views */,
			);
			path = SideMenu;
			sourceTree = "<group>";
		};
		2CEC282529CE384F00F2ECF8 /* Views */ = {
			isa = PBXGroup;
			children = (
				2CEC282729CE387A00F2ECF8 /* SideMenuView.swift */,
				2CEC282929CE388C00F2ECF8 /* SideMenuRowView.swift */,
			);
			path = Views;
			sourceTree = "<group>";
		};
		2CEC282629CE386000F2ECF8 /* ViewModels */ = {
			isa = PBXGroup;
			children = (
				2CEC282D29CE38C900F2ECF8 /* SideMenuViewModel.swift */,
			);
			path = ViewModels;
			sourceTree = "<group>";
		};
/* End PBXGroup section */

/* Begin PBXNativeTarget section */
		2CEB28F529C1F6BF002022E8 /* TwitterClone */ = {
			isa = PBXNativeTarget;
			buildConfigurationList = 2CEB290429C1F6C1002022E8 /* Build configuration list for PBXNativeTarget "TwitterClone" */;
			buildPhases = (
				2CEB28F229C1F6BF002022E8 /* Sources */,
				2CEB28F329C1F6BF002022E8 /* Frameworks */,
				2CEB28F429C1F6BF002022E8 /* Resources */,
			);
			buildRules = (
			);
			dependencies = (
			);
			name = TwitterClone;
			productName = TwitterClone;
			productReference = 2CEB28F629C1F6BF002022E8 /* TwitterClone.app */;
			productType = "com.apple.product-type.application";
		};
/* End PBXNativeTarget section */

/* Begin PBXProject section */
		2CEB28EE29C1F6BF002022E8 /* Project object */ = {
			isa = PBXProject;
			attributes = {
				BuildIndependentTargetsInParallel = 1;
				LastSwiftUpdateCheck = 1420;
				LastUpgradeCheck = 1420;
				TargetAttributes = {
					2CEB28F529C1F6BF002022E8 = {
						CreatedOnToolsVersion = 14.2;
					};
				};
			};
			buildConfigurationList = 2CEB28F129C1F6BF002022E8 /* Build configuration list for PBXProject "TwitterClone" */;
			compatibilityVersion = "Xcode 14.0";
			developmentRegion = en;
			hasScannedForEncodings = 0;
			knownRegions = (
				en,
				Base,
			);
			mainGroup = 2CEB28ED29C1F6BF002022E8;
			productRefGroup = 2CEB28F729C1F6BF002022E8 /* Products */;
			projectDirPath = "";
			projectRoot = "";
			targets = (
				2CEB28F529C1F6BF002022E8 /* TwitterClone */,
			);
		};
/* End PBXProject section */

/* Begin PBXResourcesBuildPhase section */
		2CEB28F429C1F6BF002022E8 /* Resources */ = {
			isa = PBXResourcesBuildPhase;
			buildActionMask = 2147483647;
			files = (
				2CEB290129C1F6C1002022E8 /* Preview Assets.xcassets in Resources */,
				2CEB28FE29C1F6C1002022E8 /* Assets.xcassets in Resources */,
			);
			runOnlyForDeploymentPostprocessing = 0;
		};
/* End PBXResourcesBuildPhase section */

/* Begin PBXSourcesBuildPhase section */
		2CEB28F229C1F6BF002022E8 /* Sources */ = {
			isa = PBXSourcesBuildPhase;
			buildActionMask = 2147483647;
			files = (
				2C43CA8E29C2E71E0019FCFB /* MessagesView.swift in Sources */,
				2C43CA7E29C24EBC0019FCFB /* FeedView.swift in Sources */,
				2C43CA7C29C24E2B0019FCFB /* TwitterRowView.swift in Sources */,
				2C43CA8729C2E6F50019FCFB /* ProfileView.swift in Sources */,
				2CEC282829CE387A00F2ECF8 /* SideMenuView.swift in Sources */,
				2CEC282A29CE388C00F2ECF8 /* SideMenuRowView.swift in Sources */,
				2CEB28FA29C1F6BF002022E8 /* TwitterCloneApp.swift in Sources */,
				2CEC283029CE3A5900F2ECF8 /* UserStatsView.swift in Sources */,
				2C43CA8929C2E7000019FCFB /* ExploreView.swift in Sources */,
				2CEC282E29CE38C900F2ECF8 /* SideMenuViewModel.swift in Sources */,
				2CEC282329CE0B4E00F2ECF8 /* UserRowView.swift in Sources */,
				2CEC281E29CD87EE00F2ECF8 /* TweetFilterViewModel.swift in Sources */,
				2C43CA8129C2E09C0019FCFB /* MainTabView.swift in Sources */,
				2C43CA9029C2E7BF0019FCFB /* NotificationsView.swift in Sources */,
			);
			runOnlyForDeploymentPostprocessing = 0;
		};
/* End PBXSourcesBuildPhase section */

/* Begin XCBuildConfiguration section */
		2CEB290229C1F6C1002022E8 /* Debug */ = {
			isa = XCBuildConfiguration;
			buildSettings = {
				ALWAYS_SEARCH_USER_PATHS = NO;
				CLANG_ANALYZER_NONNULL = YES;
				CLANG_ANALYZER_NUMBER_OBJECT_CONVERSION = YES_AGGRESSIVE;
				CLANG_CXX_LANGUAGE_STANDARD = "gnu++20";
				CLANG_ENABLE_MODULES = YES;
				CLANG_ENABLE_OBJC_ARC = YES;
				CLANG_ENABLE_OBJC_WEAK = YES;
				CLANG_WARN_BLOCK_CAPTURE_AUTORELEASING = YES;
				CLANG_WARN_BOOL_CONVERSION = YES;
				CLANG_WARN_COMMA = YES;
				CLANG_WARN_CONSTANT_CONVERSION = YES;
				CLANG_WARN_DEPRECATED_OBJC_IMPLEMENTATIONS = YES;
				CLANG_WARN_DIRECT_OBJC_ISA_USAGE = YES_ERROR;
				CLANG_WARN_DOCUMENTATION_COMMENTS = YES;
				CLANG_WARN_EMPTY_BODY = YES;
				CLANG_WARN_ENUM_CONVERSION = YES;
				CLANG_WARN_INFINITE_RECURSION = YES;
				CLANG_WARN_INT_CONVERSION = YES;
				CLANG_WARN_NON_LITERAL_NULL_CONVERSION = YES;
				CLANG_WARN_OBJC_IMPLICIT_RETAIN_SELF = YES;
				CLANG_WARN_OBJC_LITERAL_CONVERSION = YES;
				CLANG_WARN_OBJC_ROOT_CLASS = YES_ERROR;
				CLANG_WARN_QUOTED_INCLUDE_IN_FRAMEWORK_HEADER = YES;
				CLANG_WARN_RANGE_LOOP_ANALYSIS = YES;
				CLANG_WARN_STRICT_PROTOTYPES = YES;
				CLANG_WARN_SUSPICIOUS_MOVE = YES;
				CLANG_WARN_UNGUARDED_AVAILABILITY = YES_AGGRESSIVE;
				CLANG_WARN_UNREACHABLE_CODE = YES;
				CLANG_WARN__DUPLICATE_METHOD_MATCH = YES;
				COPY_PHASE_STRIP = NO;
				DEBUG_INFORMATION_FORMAT = dwarf;
				ENABLE_STRICT_OBJC_MSGSEND = YES;
				ENABLE_TESTABILITY = YES;
				GCC_C_LANGUAGE_STANDARD = gnu11;
				GCC_DYNAMIC_NO_PIC = NO;
				GCC_NO_COMMON_BLOCKS = YES;
				GCC_OPTIMIZATION_LEVEL = 0;
				GCC_PREPROCESSOR_DEFINITIONS = (
					"DEBUG=1",
					"$(inherited)",
				);
				GCC_WARN_64_TO_32_BIT_CONVERSION = YES;
				GCC_WARN_ABOUT_RETURN_TYPE = YES_ERROR;
				GCC_WARN_UNDECLARED_SELECTOR = YES;
				GCC_WARN_UNINITIALIZED_AUTOS = YES_AGGRESSIVE;
				GCC_WARN_UNUSED_FUNCTION = YES;
				GCC_WARN_UNUSED_VARIABLE = YES;
				IPHONEOS_DEPLOYMENT_TARGET = 16.2;
				MTL_ENABLE_DEBUG_INFO = INCLUDE_SOURCE;
				MTL_FAST_MATH = YES;
				ONLY_ACTIVE_ARCH = YES;
				SDKROOT = iphoneos;
				SWIFT_ACTIVE_COMPILATION_CONDITIONS = DEBUG;
				SWIFT_OPTIMIZATION_LEVEL = "-Onone";
			};
			name = Debug;
		};
		2CEB290329C1F6C1002022E8 /* Release */ = {
			isa = XCBuildConfiguration;
			buildSettings = {
				ALWAYS_SEARCH_USER_PATHS = NO;
				CLANG_ANALYZER_NONNULL = YES;
				CLANG_ANALYZER_NUMBER_OBJECT_CONVERSION = YES_AGGRESSIVE;
				CLANG_CXX_LANGUAGE_STANDARD = "gnu++20";
				CLANG_ENABLE_MODULES = YES;
				CLANG_ENABLE_OBJC_ARC = YES;
				CLANG_ENABLE_OBJC_WEAK = YES;
				CLANG_WARN_BLOCK_CAPTURE_AUTORELEASING = YES;
				CLANG_WARN_BOOL_CONVERSION = YES;
				CLANG_WARN_COMMA = YES;
				CLANG_WARN_CONSTANT_CONVERSION = YES;
				CLANG_WARN_DEPRECATED_OBJC_IMPLEMENTATIONS = YES;
				CLANG_WARN_DIRECT_OBJC_ISA_USAGE = YES_ERROR;
				CLANG_WARN_DOCUMENTATION_COMMENTS = YES;
				CLANG_WARN_EMPTY_BODY = YES;
				CLANG_WARN_ENUM_CONVERSION = YES;
				CLANG_WARN_INFINITE_RECURSION = YES;
				CLANG_WARN_INT_CONVERSION = YES;
				CLANG_WARN_NON_LITERAL_NULL_CONVERSION = YES;
				CLANG_WARN_OBJC_IMPLICIT_RETAIN_SELF = YES;
				CLANG_WARN_OBJC_LITERAL_CONVERSION = YES;
				CLANG_WARN_OBJC_ROOT_CLASS = YES_ERROR;
				CLANG_WARN_QUOTED_INCLUDE_IN_FRAMEWORK_HEADER = YES;
				CLANG_WARN_RANGE_LOOP_ANALYSIS = YES;
				CLANG_WARN_STRICT_PROTOTYPES = YES;
				CLANG_WARN_SUSPICIOUS_MOVE = YES;
				CLANG_WARN_UNGUARDED_AVAILABILITY = YES_AGGRESSIVE;
				CLANG_WARN_UNREACHABLE_CODE = YES;
				CLANG_WARN__DUPLICATE_METHOD_MATCH = YES;
				COPY_PHASE_STRIP = NO;
				DEBUG_INFORMATION_FORMAT = "dwarf-with-dsym";
				ENABLE_NS_ASSERTIONS = NO;
				ENABLE_STRICT_OBJC_MSGSEND = YES;
				GCC_C_LANGUAGE_STANDARD = gnu11;
				GCC_NO_COMMON_BLOCKS = YES;
				GCC_WARN_64_TO_32_BIT_CONVERSION = YES;
				GCC_WARN_ABOUT_RETURN_TYPE = YES_ERROR;
				GCC_WARN_UNDECLARED_SELECTOR = YES;
				GCC_WARN_UNINITIALIZED_AUTOS = YES_AGGRESSIVE;
				GCC_WARN_UNUSED_FUNCTION = YES;
				GCC_WARN_UNUSED_VARIABLE = YES;
				IPHONEOS_DEPLOYMENT_TARGET = 16.2;
				MTL_ENABLE_DEBUG_INFO = NO;
				MTL_FAST_MATH = YES;
				SDKROOT = iphoneos;
				SWIFT_COMPILATION_MODE = wholemodule;
				SWIFT_OPTIMIZATION_LEVEL = "-O";
				VALIDATE_PRODUCT = YES;
			};
			name = Release;
		};
		2CEB290529C1F6C1002022E8 /* Debug */ = {
			isa = XCBuildConfiguration;
			buildSettings = {
				ASSETCATALOG_COMPILER_APPICON_NAME = AppIcon;
				ASSETCATALOG_COMPILER_GLOBAL_ACCENT_COLOR_NAME = AccentColor;
				CODE_SIGN_STYLE = Automatic;
				CURRENT_PROJECT_VERSION = 1;
				DEVELOPMENT_ASSET_PATHS = "\"TwitterClone/Preview Content\"";
				DEVELOPMENT_TEAM = 2CXXW427SD;
				ENABLE_PREVIEWS = YES;
				GENERATE_INFOPLIST_FILE = YES;
				INFOPLIST_KEY_UIApplicationSceneManifest_Generation = YES;
				INFOPLIST_KEY_UIApplicationSupportsIndirectInputEvents = YES;
				INFOPLIST_KEY_UILaunchScreen_Generation = YES;
				INFOPLIST_KEY_UISupportedInterfaceOrientations_iPad = "UIInterfaceOrientationPortrait UIInterfaceOrientationPortraitUpsideDown UIInterfaceOrientationLandscapeLeft UIInterfaceOrientationLandscapeRight";
				INFOPLIST_KEY_UISupportedInterfaceOrientations_iPhone = "UIInterfaceOrientationPortrait UIInterfaceOrientationLandscapeLeft UIInterfaceOrientationLandscapeRight";
				LD_RUNPATH_SEARCH_PATHS = (
					"$(inherited)",
					"@executable_path/Frameworks",
				);
				MARKETING_VERSION = 1.0;
				PRODUCT_BUNDLE_IDENTIFIER = com.dballkan.TwitterClone;
				PRODUCT_NAME = "$(TARGET_NAME)";
				SWIFT_EMIT_LOC_STRINGS = YES;
				SWIFT_VERSION = 5.0;
				TARGETED_DEVICE_FAMILY = "1,2";
			};
			name = Debug;
		};
		2CEB290629C1F6C1002022E8 /* Release */ = {
			isa = XCBuildConfiguration;
			buildSettings = {
				ASSETCATALOG_COMPILER_APPICON_NAME = AppIcon;
				ASSETCATALOG_COMPILER_GLOBAL_ACCENT_COLOR_NAME = AccentColor;
				CODE_SIGN_STYLE = Automatic;
				CURRENT_PROJECT_VERSION = 1;
				DEVELOPMENT_ASSET_PATHS = "\"TwitterClone/Preview Content\"";
				DEVELOPMENT_TEAM = 2CXXW427SD;
				ENABLE_PREVIEWS = YES;
				GENERATE_INFOPLIST_FILE = YES;
				INFOPLIST_KEY_UIApplicationSceneManifest_Generation = YES;
				INFOPLIST_KEY_UIApplicationSupportsIndirectInputEvents = YES;
				INFOPLIST_KEY_UILaunchScreen_Generation = YES;
				INFOPLIST_KEY_UISupportedInterfaceOrientations_iPad = "UIInterfaceOrientationPortrait UIInterfaceOrientationPortraitUpsideDown UIInterfaceOrientationLandscapeLeft UIInterfaceOrientationLandscapeRight";
				INFOPLIST_KEY_UISupportedInterfaceOrientations_iPhone = "UIInterfaceOrientationPortrait UIInterfaceOrientationLandscapeLeft UIInterfaceOrientationLandscapeRight";
				LD_RUNPATH_SEARCH_PATHS = (
					"$(inherited)",
					"@executable_path/Frameworks",
				);
				MARKETING_VERSION = 1.0;
				PRODUCT_BUNDLE_IDENTIFIER = com.dballkan.TwitterClone;
				PRODUCT_NAME = "$(TARGET_NAME)";
				SWIFT_EMIT_LOC_STRINGS = YES;
				SWIFT_VERSION = 5.0;
				TARGETED_DEVICE_FAMILY = "1,2";
			};
			name = Release;
		};
/* End XCBuildConfiguration section */

/* Begin XCConfigurationList section */
		2CEB28F129C1F6BF002022E8 /* Build configuration list for PBXProject "TwitterClone" */ = {
			isa = XCConfigurationList;
			buildConfigurations = (
				2CEB290229C1F6C1002022E8 /* Debug */,
				2CEB290329C1F6C1002022E8 /* Release */,
			);
			defaultConfigurationIsVisible = 0;
			defaultConfigurationName = Release;
		};
		2CEB290429C1F6C1002022E8 /* Build configuration list for PBXNativeTarget "TwitterClone" */ = {
			isa = XCConfigurationList;
			buildConfigurations = (
				2CEB290529C1F6C1002022E8 /* Debug */,
				2CEB290629C1F6C1002022E8 /* Release */,
			);
			defaultConfigurationIsVisible = 0;
			defaultConfigurationName = Release;
		};
/* End XCConfigurationList section */
	};
	rootObject = 2CEB28EE29C1F6BF002022E8 /* Project object */;
}
